
Microsoft Visual Studio Solution File, Format Version 11.00
# Visual Studio 2010
Project("{FAE04EC0-301F-11D3-BF4B-00C04F79EFBC}") = "Assembly-CSharp", "Assembly-CSharp.csproj", "{9AADEF28-27FD-D291-B648-51B06B9035D2}"
EndProject
Project("{FAE04EC0-301F-11D3-BF4B-00C04F79EFBC}") = "GoogleMobileAds.Editor", "GoogleMobileAds.Editor.csproj", "{423664F1-02FC-22D5-D4CE-68CA47490969}"
EndProject
Global
	GlobalSection(SolutionConfigurationPlatforms) = preSolution
		Debug|Any CPU = Debug|Any CPU
		Release|Any CPU = Release|Any CPU
	EndGlobalSection
	GlobalSection(ProjectConfigurationPlatforms) = postSolution
		{9AADEF28-27FD-D291-B648-51B06B9035D2}.Debug|Any CPU.ActiveCfg = Debug|Any CPU
		{9AADEF28-27FD-D291-B648-51B06B9035D2}.Debug|Any CPU.Build.0 = Debug|Any CPU
		{9AADEF28-27FD-D291-B648-51B06B9035D2}.Release|Any CPU.ActiveCfg = Release|Any CPU
		{9AADEF28-27FD-D291-B648-51B06B9035D2}.Release|Any CPU.Build.0 = Release|Any CPU
		{423664F1-02FC-22D5-D4CE-68CA47490969}.Debug|Any CPU.ActiveCfg = Debug|Any CPU
		{423664F1-02FC-22D5-D4CE-68CA47490969}.Debug|Any CPU.Build.0 = Debug|Any CPU
		{423664F1-02FC-22D5-D4CE-68CA47490969}.Release|Any CPU.ActiveCfg = Release|Any CPU
		{423664F1-02FC-22D5-D4CE-68CA47490969}.Release|Any CPU.Build.0 = Release|Any CPU
	EndGlobalSection
	GlobalSection(SolutionProperties) = preSolution
		HideSolutionNode = FALSE
	EndGlobalSection
EndGlobal
